{
  "version": 4,
  "terraform_version": "1.13.0",
  "serial": 85,
  "lineage": "5d349e79-7fd0-9d02-160d-ba49b74f4a16",
  "outputs": {},
  "resources": [
    {
      "mode": "managed",
      "type": "aws_ecr_repository",
      "name": "backend",
      "provider": "provider[\"registry.terraform.io/hashicorp/aws\"]",
      "instances": [
        {
          "schema_version": 0,
          "attributes": {
            "arn": "arn:aws:ecr:us-east-1:352017689846:repository/aws-devops/backend",
            "encryption_configuration": [
              {
                "encryption_type": "AES256",
                "kms_key": ""
              }
            ],
            "force_delete": null,
            "id": "aws-devops/backend",
            "image_scanning_configuration": [
              {
                "scan_on_push": true
              }
            ],
            "image_tag_mutability": "IMMUTABLE",
            "image_tag_mutability_exclusion_filter": [],
            "name": "aws-devops/backend",
            "region": "us-east-1",
            "registry_id": "352017689846",
            "repository_url": "352017689846.dkr.ecr.us-east-1.amazonaws.com/aws-devops/backend",
            "tags": {
              "Environment": "dev",
              "Name": "aws-devops-backend"
            },
            "tags_all": {
              "Environment": "dev",
              "Name": "aws-devops-backend"
            },
            "timeouts": null
          },
          "sensitive_attributes": [],
          "identity_schema_version": 0,
          "identity": {
            "account_id": "352017689846",
            "name": "aws-devops/backend",
            "region": "us-east-1"
          },
          "private": "eyJlMmJmYjczMC1lY2FhLTExZTYtOGY4OC0zNDM2M2JjN2M0YzAiOnsiZGVsZXRlIjoxMjAwMDAwMDAwMDAwfX0="
        }
      ]
    }
  ],
  "check_results": null
}
