{
  "version": 4,
  "terraform_version": "1.13.0",
  "serial": 80,
  "lineage": "5d349e79-7fd0-9d02-160d-ba49b74f4a16",
  "outputs": {},
  "resources": [
    {
      "mode": "managed",
      "type": "aws_ecr_repository",
      "name": "backend",
      "provider": "provider[\"registry.terraform.io/hashicorp/aws\"]",
      "instances": [
        {
          "schema_version": 0,
          "attributes": {
            "arn": "arn:aws:ecr:us-east-1:352017689846:repository/aws-devops/backend",
            "encryption_configuration": [
              {
                "encryption_type": "AES256",
                "kms_key": ""
              }
            ],
            "force_delete": null,
            "id": "aws-devops/backend",
            "image_scanning_configuration": [
              {
                "scan_on_push": true
              }
            ],
            "image_tag_mutability": "IMMUTABLE",
            "image_tag_mutability_exclusion_filter": [],
            "name": "aws-devops/backend",
            "region": "us-east-1",
            "registry_id": "352017689846",
            "repository_url": "352017689846.dkr.ecr.us-east-1.amazonaws.com/aws-devops/backend",
            "tags": {
              "Environment": "dev",
              "Name": "aws-devops-backend"
            },
            "tags_all": {
              "Environment": "dev",
              "Name": "aws-devops-backend"
            },
            "timeouts": null
          },
          "sensitive_attributes": [],
          "identity_schema_version": 0,
          "identity": {
            "account_id": "352017689846",
            "name": "aws-devops/backend",
            "region": "us-east-1"
          },
          "private": "eyJlMmJmYjczMC1lY2FhLTExZTYtOGY4OC0zNDM2M2JjN2M0YzAiOnsiZGVsZXRlIjoxMjAwMDAwMDAwMDAwfX0="
        }
      ]
    },
    {
      "mode": "managed",
      "type": "aws_vpc",
      "name": "main",
      "provider": "provider[\"registry.terraform.io/hashicorp/aws\"]",
      "instances": [
        {
          "schema_version": 1,
          "attributes": {
            "arn": "arn:aws:ec2:us-east-1:352017689846:vpc/vpc-0c227b18a55c8bf3d",
            "assign_generated_ipv6_cidr_block": false,
            "cidr_block": "10.0.0.0/16",
            "default_network_acl_id": "acl-0006607792bacb98f",
            "default_route_table_id": "rtb-08b0895d922c4487f",
            "default_security_group_id": "sg-0d76802c1520c24aa",
            "dhcp_options_id": "dopt-049693559337db22d",
            "enable_dns_hostnames": true,
            "enable_dns_support": true,
            "enable_network_address_usage_metrics": false,
            "id": "vpc-0c227b18a55c8bf3d",
            "instance_tenancy": "default",
            "ipv4_ipam_pool_id": null,
            "ipv4_netmask_length": null,
            "ipv6_association_id": "",
            "ipv6_cidr_block": "",
            "ipv6_cidr_block_network_border_group": "",
            "ipv6_ipam_pool_id": "",
            "ipv6_netmask_length": 0,
            "main_route_table_id": "rtb-08b0895d922c4487f",
            "owner_id": "352017689846",
            "region": "us-east-1",
            "tags": {
              "Environment": "dev",
              "Name": "aws-devops-vpc"
            },
            "tags_all": {
              "Environment": "dev",
              "Name": "aws-devops-vpc"
            }
          },
          "sensitive_attributes": [],
          "identity_schema_version": 0,
          "identity": {
            "account_id": "352017689846",
            "id": "vpc-0c227b18a55c8bf3d",
            "region": "us-east-1"
          },
          "private": "eyJzY2hlbWFfdmVyc2lvbiI6IjEifQ=="
        }
      ]
    }
  ],
  "check_results": null
}
